{
  "name": "horosa-fengshui-api",
  "version": "1.0.0",
  "lockfileVersion": 3,
  "requires": true,
  "packages": {
    "": {
      "name": "horosa-fengshui-api",
      "version": "1.0.0",
      "dependencies": {
        "geomagnetism": "^0.2.0",
        "mingyu-core": "^0.4.0"
      }
    },
    "node_modules/@soul-atelier/calendar": {
      "version": "0.3.0",
      "resolved": "https://registry.npmjs.org/@soul-atelier/calendar/-/calendar-0.3.0.tgz",
      "integrity": "sha512-nzOofC8BHp0+w1RY9yzFBPVFILAtrtE+XPr9gwp8pOMdyOsMUQO3xC3Ow9v3fXzE/f8n9Y8lTTaVTzncaZl7QQ==",
      "license": "MIT",
      "dependencies": {
        "@soul-atelier/core": "0.3.0",
        "tyme4ts": "1.4.4"
      }
    },
    "node_modules/@soul-atelier/calendar/node_modules/@soul-atelier/core": {
      "version": "0.3.0",
      "resolved": "https://registry.npmjs.org/@soul-atelier/core/-/core-0.3.0.tgz",
      "integrity": "sha512-gvEeEy72dZ2kgXHRmtLgOGhSSKUPnSS2GNdnH/7piiirYrW1gQ0uwBy5Exm+gEM6cZNHYuXRwDONdxP/4tJzBA==",
      "license": "MIT"
    },
    "node_modules/@soul-atelier/calendar/node_modules/tyme4ts": {
      "version": "1.4.4",
      "resolved": "https://registry.npmjs.org/tyme4ts/-/tyme4ts-1.4.4.tgz",
      "integrity": "sha512-a6FfENUrQpg9F3hOhwFW0EDgmIbvOEXbtO7A2R8/49tGDnjqjUsuNIP0OOBnsGmN9y3hAsO69LsBgJk1re1/KA==",
      "license": "MIT"
    },
    "node_modules/@soul-atelier/core": {
      "version": "0.4.0",
      "resolved": "https://registry.npmjs.org/@soul-atelier/core/-/core-0.4.0.tgz",
      "integrity": "sha512-OcICkqAckJ49TU0QNmbuGIAHA8dtZ/8emsZKeVfGLJn/AOhnHqlbv5tnzxqBVkrEPHXG8RNxa6cZJittCgU7oA==",
      "license": "MIT"
    },
    "node_modules/@soul-atelier/xuankong": {
      "version": "0.2.1",
      "resolved": "https://registry.npmjs.org/@soul-atelier/xuankong/-/xuankong-0.2.1.tgz",
      "integrity": "sha512-2cY/BUjkEB+UG+8Pc3Yod522f2BElI6yk4qeJi3rmi5WDHcovszTRzWUycPnz6anz6Jpk0Diq8F2l5nb7Kz6FA==",
      "license": "MIT",
      "dependencies": {
        "@soul-atelier/calendar": "0.3.0",
        "@soul-atelier/core": "0.4.0"
      }
    },
    "node_modules/astronomy-engine": {
      "version": "2.1.19",
      "resolved": "https://registry.npmjs.org/astronomy-engine/-/astronomy-engine-2.1.19.tgz",
      "integrity": "sha512-8yWKNf7UeNbH458h3sAJ6ZgAjE5jTXp/mNNRFoC20j2SHwZIjAQeEsBB2Q3uCFRaTCCJRv33K2XhkhZQMXoX6w==",
      "license": "MIT"
    },
    "node_modules/caelus": {
      "version": "0.24.1",
      "resolved": "https://registry.npmjs.org/caelus/-/caelus-0.24.1.tgz",
      "integrity": "sha512-rWt9OK+4AHNcAk5SmSDLFRn5QSbrKtIGtCFRL0fYxRO8Iu/8mvhX0EFgyoe8W+3qbe4kMnzEFR8h3uNlNtpQhw==",
      "license": "MIT"
    },
    "node_modules/geomagnetism": {
      "version": "0.2.0",
      "resolved": "https://registry.npmjs.org/geomagnetism/-/geomagnetism-0.2.0.tgz",
      "integrity": "sha512-dO8HJrXqah244nMe+pU5m52L90SMoi4lDA0AV3xunRxogloYV+s3aYWCW72VMMfiYis+YSAlhoKktw8aLMiJbw==",
      "license": "Apache-2.0"
    },
    "node_modules/mingyu-core": {
      "version": "0.4.0",
      "resolved": "https://registry.npmjs.org/mingyu-core/-/mingyu-core-0.4.0.tgz",
      "integrity": "sha512-CS76xFAQsWZ6LXrKF2lSkNio+y4G8NMHUAOtVESqpH9wylWi7Qx2uxpWWjDa8OvtaChgYMnKFIUF3crlJfrD4Q==",
      "license": "AGPL-3.0-only",
      "dependencies": {
        "@soul-atelier/xuankong": "0.2.1",
        "astronomy-engine": "2.1.19",
        "caelus": "0.24.1",
        "tyme4ts": "^1.3.3"
      },
      "engines": {
        "node": ">=18"
      },
      "peerDependencies": {
        "iztro": "^2.5.8"
      },
      "peerDependenciesMeta": {
        "iztro": {
          "optional": true
        }
      }
    },
    "node_modules/tyme4ts": {
      "version": "1.5.2",
      "resolved": "https://registry.npmjs.org/tyme4ts/-/tyme4ts-1.5.2.tgz",
      "integrity": "sha512-vVAjUv1ieXleS7hCOgjAoHaZ0BdNJIza0uDOhXNpndegqWQh9ytKMR0fjkG869yqLtpXAHnzNSouBg28nrIaAg==",
      "license": "MIT"
    }
  }
}
